
Microsoft Visual Studio Solution File, Format Version 12.00
# Visual Studio Version 16
VisualStudioVersion = 16.0.29215.179
MinimumVisualStudioVersion = 10.0.40219.1
Project("{8BC9CEB8-8B4A-11D0-8D11-00A0C91BC942}") = "1934", "1934\1934.vcxproj", "{3C3AEA6A-C706-4839-BC45-8B87B087FC9F}"
EndProject
Global
	GlobalSection(SolutionConfigurationPlatforms) = preSolution
		Debug|x64 = Debug|x64
		Debug|x86 = Debug|x86
		Release|x64 = Release|x64
		Release|x86 = Release|x86
	EndGlobalSection
	GlobalSection(ProjectConfigurationPlatforms) = postSolution
		{3C3AEA6A-C706-4839-BC45-8B87B087FC9F}.Debug|x64.ActiveCfg = Debug|x64
		{3C3AEA6A-C706-4839-BC45-8B87B087FC9F}.Debug|x64.Build.0 = Debug|x64
		{3C3AEA6A-C706-4839-BC45-8B87B087FC9F}.Debug|x86.ActiveCfg = Debug|Win32
		{3C3AEA6A-C706-4839-BC45-8B87B087FC9F}.Debug|x86.Build.0 = Debug|Win32
		{3C3AEA6A-C706-4839-BC45-8B87B087FC9F}.Release|x64.ActiveCfg = Release|x64
		{3C3AEA6A-C706-4839-BC45-8B87B087FC9F}.Release|x64.Build.0 = Release|x64
		{3C3AEA6A-C706-4839-BC45-8B87B087FC9F}.Release|x86.ActiveCfg = Release|Win32
		{3C3AEA6A-C706-4839-BC45-8B87B087FC9F}.Release|x86.Build.0 = Release|Win32
	EndGlobalSection
	GlobalSection(SolutionProperties) = preSolution
		HideSolutionNode = FALSE
	EndGlobalSection
	GlobalSection(ExtensibilityGlobals) = postSolution
		SolutionGuid = {312C3715-C740-4C3D-BE41-886C80615D22}
	EndGlobalSection
EndGlobal
