
Microsoft Visual Studio Solution File, Format Version 12.00
# Visual Studio Version 16
VisualStudioVersion = 16.0.29215.179
MinimumVisualStudioVersion = 10.0.40219.1
Project("{8BC9CEB8-8B4A-11D0-8D11-00A0C91BC942}") = "10871 X보다 작은 수", "10871 X보다 작은 수\10871 X보다 작은 수.vcxproj", "{CBA5C2C8-0BB2-4427-B116-5359CAE8FF88}"
EndProject
Global
	GlobalSection(SolutionConfigurationPlatforms) = preSolution
		Debug|x64 = Debug|x64
		Debug|x86 = Debug|x86
		Release|x64 = Release|x64
		Release|x86 = Release|x86
	EndGlobalSection
	GlobalSection(ProjectConfigurationPlatforms) = postSolution
		{CBA5C2C8-0BB2-4427-B116-5359CAE8FF88}.Debug|x64.ActiveCfg = Debug|x64
		{CBA5C2C8-0BB2-4427-B116-5359CAE8FF88}.Debug|x64.Build.0 = Debug|x64
		{CBA5C2C8-0BB2-4427-B116-5359CAE8FF88}.Debug|x86.ActiveCfg = Debug|Win32
		{CBA5C2C8-0BB2-4427-B116-5359CAE8FF88}.Debug|x86.Build.0 = Debug|Win32
		{CBA5C2C8-0BB2-4427-B116-5359CAE8FF88}.Release|x64.ActiveCfg = Release|x64
		{CBA5C2C8-0BB2-4427-B116-5359CAE8FF88}.Release|x64.Build.0 = Release|x64
		{CBA5C2C8-0BB2-4427-B116-5359CAE8FF88}.Release|x86.ActiveCfg = Release|Win32
		{CBA5C2C8-0BB2-4427-B116-5359CAE8FF88}.Release|x86.Build.0 = Release|Win32
	EndGlobalSection
	GlobalSection(SolutionProperties) = preSolution
		HideSolutionNode = FALSE
	EndGlobalSection
	GlobalSection(ExtensibilityGlobals) = postSolution
		SolutionGuid = {E73D9A1F-2D4E-4E51-AEDF-52070A28E8B6}
	EndGlobalSection
EndGlobal
